
Microsoft Visual Studio Solution File, Format Version 12.00
# Visual Studio 15
VisualStudioVersion = 15.0.27703.2026
MinimumVisualStudioVersion = 10.0.40219.1
Project("{9A19103F-16F7-4668-BE54-9A1E7A4F7556}") = "MRDb", "MRdb\MRDb.csproj", "{40988126-5D31-4D3E-9806-5F05B842DF82}"
EndProject
Project("{9A19103F-16F7-4668-BE54-9A1E7A4F7556}") = "MRDbIdentity", "MRDbIdentity\MRDbIdentity.csproj", "{91329251-BD51-4DA2-9055-670167AFD862}"
EndProject
Project("{2150E333-8FDC-42A3-9474-1A3956D46DE8}") = "Tests", "Tests", "{4185EB00-81CE-4C9C-A755-8B5D141F34FB}"
EndProject
Project("{9A19103F-16F7-4668-BE54-9A1E7A4F7556}") = "TestMRDb", "TestMRDb\TestMRDb.csproj", "{A17A0CAA-5784-4A3F-8FFC-CE58CD056BB9}"
EndProject
Project("{FAE04EC0-301F-11D3-BF4B-00C04F79EFBC}") = "TestMRDbIdentity", "TestMRDbIdentity\TestMRDbIdentity.csproj", "{5A46FE71-ADC7-401B-AC55-F09C785AD74C}"
EndProject
Global
	GlobalSection(SolutionConfigurationPlatforms) = preSolution
		Debug|Any CPU = Debug|Any CPU
		Release|Any CPU = Release|Any CPU
	EndGlobalSection
	GlobalSection(ProjectConfigurationPlatforms) = postSolution
		{40988126-5D31-4D3E-9806-5F05B842DF82}.Debug|Any CPU.ActiveCfg = Debug|Any CPU
		{40988126-5D31-4D3E-9806-5F05B842DF82}.Debug|Any CPU.Build.0 = Debug|Any CPU
		{40988126-5D31-4D3E-9806-5F05B842DF82}.Release|Any CPU.ActiveCfg = Release|Any CPU
		{40988126-5D31-4D3E-9806-5F05B842DF82}.Release|Any CPU.Build.0 = Release|Any CPU
		{91329251-BD51-4DA2-9055-670167AFD862}.Debug|Any CPU.ActiveCfg = Debug|Any CPU
		{91329251-BD51-4DA2-9055-670167AFD862}.Debug|Any CPU.Build.0 = Debug|Any CPU
		{91329251-BD51-4DA2-9055-670167AFD862}.Release|Any CPU.ActiveCfg = Release|Any CPU
		{91329251-BD51-4DA2-9055-670167AFD862}.Release|Any CPU.Build.0 = Release|Any CPU
		{A17A0CAA-5784-4A3F-8FFC-CE58CD056BB9}.Debug|Any CPU.ActiveCfg = Debug|Any CPU
		{A17A0CAA-5784-4A3F-8FFC-CE58CD056BB9}.Debug|Any CPU.Build.0 = Debug|Any CPU
		{A17A0CAA-5784-4A3F-8FFC-CE58CD056BB9}.Release|Any CPU.ActiveCfg = Release|Any CPU
		{A17A0CAA-5784-4A3F-8FFC-CE58CD056BB9}.Release|Any CPU.Build.0 = Release|Any CPU
		{5A46FE71-ADC7-401B-AC55-F09C785AD74C}.Debug|Any CPU.ActiveCfg = Debug|Any CPU
		{5A46FE71-ADC7-401B-AC55-F09C785AD74C}.Debug|Any CPU.Build.0 = Debug|Any CPU
		{5A46FE71-ADC7-401B-AC55-F09C785AD74C}.Release|Any CPU.ActiveCfg = Release|Any CPU
		{5A46FE71-ADC7-401B-AC55-F09C785AD74C}.Release|Any CPU.Build.0 = Release|Any CPU
	EndGlobalSection
	GlobalSection(SolutionProperties) = preSolution
		HideSolutionNode = FALSE
	EndGlobalSection
	GlobalSection(NestedProjects) = preSolution
		{A17A0CAA-5784-4A3F-8FFC-CE58CD056BB9} = {4185EB00-81CE-4C9C-A755-8B5D141F34FB}
		{5A46FE71-ADC7-401B-AC55-F09C785AD74C} = {4185EB00-81CE-4C9C-A755-8B5D141F34FB}
	EndGlobalSection
	GlobalSection(ExtensibilityGlobals) = postSolution
		SolutionGuid = {34EBCFEF-5686-4640-84FC-48B0AE03327B}
	EndGlobalSection
EndGlobal
